
Microsoft Visual Studio Solution File, Format Version 12.00
# Visual Studio Version 18
VisualStudioVersion = 18.2.11408.102 d18.0
MinimumVisualStudioVersion = 10.0.40219.1
Project("{FAE04EC0-301F-11D3-BF4B-00C04F79EFBC}") = "ASP NET 07. TaskFlow Introduction", "ASP NET 07. TaskFlow Introduction.csproj", "{9C079AD4-3D87-7926-0609-43106A9BA40F}"
EndProject
Global
	GlobalSection(SolutionConfigurationPlatforms) = preSolution
		Debug|Any CPU = Debug|Any CPU
		Release|Any CPU = Release|Any CPU
	EndGlobalSection
	GlobalSection(ProjectConfigurationPlatforms) = postSolution
		{9C079AD4-3D87-7926-0609-43106A9BA40F}.Debug|Any CPU.ActiveCfg = Debug|Any CPU
		{9C079AD4-3D87-7926-0609-43106A9BA40F}.Debug|Any CPU.Build.0 = Debug|Any CPU
		{9C079AD4-3D87-7926-0609-43106A9BA40F}.Release|Any CPU.ActiveCfg = Release|Any CPU
		{9C079AD4-3D87-7926-0609-43106A9BA40F}.Release|Any CPU.Build.0 = Release|Any CPU
	EndGlobalSection
	GlobalSection(SolutionProperties) = preSolution
		HideSolutionNode = FALSE
	EndGlobalSection
	GlobalSection(ExtensibilityGlobals) = postSolution
		SolutionGuid = {035CA785-874A-4615-9161-3B30951FFF5B}
	EndGlobalSection
EndGlobal
